
Microsoft Visual Studio Solution File, Format Version 12.00
Project("{2150E333-8FDC-42A3-9474-1A3956D46DE8}") = "src", "src", "{1B930BC5-B1F0-4D1E-817D-66608F384B5E}"
EndProject
Project("{FAE04EC0-301F-11D3-BF4B-00C04F79EFBC}") = "Homework.Api", "src\Homework.Api\Homework.Api.csproj", "{06B5AD32-EEE6-4B6E-B04B-3BF5E1B19008}"
EndProject
Project("{2150E333-8FDC-42A3-9474-1A3956D46DE8}") = "requests", "requests", "{1A6AC493-BB7C-4B59-A72F-C7F6E9A0C8DA}"
	ProjectSection(SolutionItems) = preProject
		requests\notes.http = requests\notes.http
		requests\http-client.env.json = requests\http-client.env.json
	EndProjectSection
EndProject
Project("{FAE04EC0-301F-11D3-BF4B-00C04F79EFBC}") = "Homework.Contracts", "src\Homework.Contracts\Homework.Contracts.csproj", "{677548DC-E7DC-4C4C-9600-E9D3D4D8C26B}"
EndProject
Project("{FAE04EC0-301F-11D3-BF4B-00C04F79EFBC}") = "Homework.Domain", "src\Homework.Domain\Homework.Domain.csproj", "{A5E00FCC-F995-4F85-A516-0A5EC5446446}"
EndProject
Project("{FAE04EC0-301F-11D3-BF4B-00C04F79EFBC}") = "Homework.Infrastructure", "src\Homework.Infrastructure\Homework.Infrastructure.csproj", "{045F33C1-D2D7-440D-8B48-248A30DA5B88}"
EndProject
Project("{FAE04EC0-301F-11D3-BF4B-00C04F79EFBC}") = "Homework.Application", "src\Homework.Application\Homework.Application.csproj", "{48A811C2-A61F-474B-BDB2-F688789BBF47}"
EndProject
Project("{2150E333-8FDC-42A3-9474-1A3956D46DE8}") = "tests", "tests", "{BF0B7BEA-7C58-47C7-BE11-F2FD6C9D420C}"
EndProject
Project("{FAE04EC0-301F-11D3-BF4B-00C04F79EFBC}") = "Homework.Application.Tests", "tests\Homework.Application.Tests\Homework.Application.Tests.csproj", "{AEDC216F-3866-4BB2-8FC9-8FC8DC32E7B3}"
EndProject
Global
	GlobalSection(SolutionConfigurationPlatforms) = preSolution
		Debug|Any CPU = Debug|Any CPU
		Release|Any CPU = Release|Any CPU
	EndGlobalSection
	GlobalSection(ProjectConfigurationPlatforms) = postSolution
		{06B5AD32-EEE6-4B6E-B04B-3BF5E1B19008}.Debug|Any CPU.ActiveCfg = Debug|Any CPU
		{06B5AD32-EEE6-4B6E-B04B-3BF5E1B19008}.Debug|Any CPU.Build.0 = Debug|Any CPU
		{06B5AD32-EEE6-4B6E-B04B-3BF5E1B19008}.Release|Any CPU.ActiveCfg = Release|Any CPU
		{06B5AD32-EEE6-4B6E-B04B-3BF5E1B19008}.Release|Any CPU.Build.0 = Release|Any CPU
		{677548DC-E7DC-4C4C-9600-E9D3D4D8C26B}.Debug|Any CPU.ActiveCfg = Debug|Any CPU
		{677548DC-E7DC-4C4C-9600-E9D3D4D8C26B}.Debug|Any CPU.Build.0 = Debug|Any CPU
		{677548DC-E7DC-4C4C-9600-E9D3D4D8C26B}.Release|Any CPU.ActiveCfg = Release|Any CPU
		{677548DC-E7DC-4C4C-9600-E9D3D4D8C26B}.Release|Any CPU.Build.0 = Release|Any CPU
		{A5E00FCC-F995-4F85-A516-0A5EC5446446}.Debug|Any CPU.ActiveCfg = Debug|Any CPU
		{A5E00FCC-F995-4F85-A516-0A5EC5446446}.Debug|Any CPU.Build.0 = Debug|Any CPU
		{A5E00FCC-F995-4F85-A516-0A5EC5446446}.Release|Any CPU.ActiveCfg = Release|Any CPU
		{A5E00FCC-F995-4F85-A516-0A5EC5446446}.Release|Any CPU.Build.0 = Release|Any CPU
		{045F33C1-D2D7-440D-8B48-248A30DA5B88}.Debug|Any CPU.ActiveCfg = Debug|Any CPU
		{045F33C1-D2D7-440D-8B48-248A30DA5B88}.Debug|Any CPU.Build.0 = Debug|Any CPU
		{045F33C1-D2D7-440D-8B48-248A30DA5B88}.Release|Any CPU.ActiveCfg = Release|Any CPU
		{045F33C1-D2D7-440D-8B48-248A30DA5B88}.Release|Any CPU.Build.0 = Release|Any CPU
		{48A811C2-A61F-474B-BDB2-F688789BBF47}.Debug|Any CPU.ActiveCfg = Debug|Any CPU
		{48A811C2-A61F-474B-BDB2-F688789BBF47}.Debug|Any CPU.Build.0 = Debug|Any CPU
		{48A811C2-A61F-474B-BDB2-F688789BBF47}.Release|Any CPU.ActiveCfg = Release|Any CPU
		{48A811C2-A61F-474B-BDB2-F688789BBF47}.Release|Any CPU.Build.0 = Release|Any CPU
		{AEDC216F-3866-4BB2-8FC9-8FC8DC32E7B3}.Debug|Any CPU.ActiveCfg = Debug|Any CPU
		{AEDC216F-3866-4BB2-8FC9-8FC8DC32E7B3}.Debug|Any CPU.Build.0 = Debug|Any CPU
		{AEDC216F-3866-4BB2-8FC9-8FC8DC32E7B3}.Release|Any CPU.ActiveCfg = Release|Any CPU
		{AEDC216F-3866-4BB2-8FC9-8FC8DC32E7B3}.Release|Any CPU.Build.0 = Release|Any CPU
	EndGlobalSection
	GlobalSection(NestedProjects) = preSolution
		{06B5AD32-EEE6-4B6E-B04B-3BF5E1B19008} = {1B930BC5-B1F0-4D1E-817D-66608F384B5E}
		{677548DC-E7DC-4C4C-9600-E9D3D4D8C26B} = {1B930BC5-B1F0-4D1E-817D-66608F384B5E}
		{A5E00FCC-F995-4F85-A516-0A5EC5446446} = {1B930BC5-B1F0-4D1E-817D-66608F384B5E}
		{045F33C1-D2D7-440D-8B48-248A30DA5B88} = {1B930BC5-B1F0-4D1E-817D-66608F384B5E}
		{48A811C2-A61F-474B-BDB2-F688789BBF47} = {1B930BC5-B1F0-4D1E-817D-66608F384B5E}
		{AEDC216F-3866-4BB2-8FC9-8FC8DC32E7B3} = {BF0B7BEA-7C58-47C7-BE11-F2FD6C9D420C}
	EndGlobalSection
EndGlobal
