
Microsoft Visual Studio Solution File, Format Version 12.00
Project("{2150E333-8FDC-42A3-9474-1A3956D46DE8}") = "src", "src", "{1B930BC5-B1F0-4D1E-817D-66608F384B5E}"
EndProject
Project("{FAE04EC0-301F-11D3-BF4B-00C04F79EFBC}") = "Notes.Api", "src\Notes.Api\Notes.Api.csproj", "{06B5AD32-EEE6-4B6E-B04B-3BF5E1B19008}"
EndProject
Project("{2150E333-8FDC-42A3-9474-1A3956D46DE8}") = "requests", "requests", "{1A6AC493-BB7C-4B59-A72F-C7F6E9A0C8DA}"
	ProjectSection(SolutionItems) = preProject
		requests\notes.http = requests\notes.http
	EndProjectSection
EndProject
Global
	GlobalSection(SolutionConfigurationPlatforms) = preSolution
		Debug|Any CPU = Debug|Any CPU
		Release|Any CPU = Release|Any CPU
	EndGlobalSection
	GlobalSection(ProjectConfigurationPlatforms) = postSolution
		{06B5AD32-EEE6-4B6E-B04B-3BF5E1B19008}.Debug|Any CPU.ActiveCfg = Debug|Any CPU
		{06B5AD32-EEE6-4B6E-B04B-3BF5E1B19008}.Debug|Any CPU.Build.0 = Debug|Any CPU
		{06B5AD32-EEE6-4B6E-B04B-3BF5E1B19008}.Release|Any CPU.ActiveCfg = Release|Any CPU
		{06B5AD32-EEE6-4B6E-B04B-3BF5E1B19008}.Release|Any CPU.Build.0 = Release|Any CPU
	EndGlobalSection
	GlobalSection(NestedProjects) = preSolution
		{06B5AD32-EEE6-4B6E-B04B-3BF5E1B19008} = {1B930BC5-B1F0-4D1E-817D-66608F384B5E}
	EndGlobalSection
EndGlobal
